
Microsoft Visual Studio Solution File, Format Version 12.00
# Visual Studio Version 16
VisualStudioVersion = 16.0.30804.86
MinimumVisualStudioVersion = 10.0.40219.1
Project("{FAE04EC0-301F-11D3-BF4B-00C04F79EFBC}") = "Websitedangtintimkiemnhatro", "Websitedangtintimkiemnhatro\Websitedangtintimkiemnhatro.csproj", "{172148A8-3ABF-4F57-B079-FD1B9B377619}"
EndProject
Global
	GlobalSection(SolutionConfigurationPlatforms) = preSolution
		Debug|Any CPU = Debug|Any CPU
		Release|Any CPU = Release|Any CPU
	EndGlobalSection
	GlobalSection(ProjectConfigurationPlatforms) = postSolution
		{172148A8-3ABF-4F57-B079-FD1B9B377619}.Debug|Any CPU.ActiveCfg = Debug|Any CPU
		{172148A8-3ABF-4F57-B079-FD1B9B377619}.Debug|Any CPU.Build.0 = Debug|Any CPU
		{172148A8-3ABF-4F57-B079-FD1B9B377619}.Release|Any CPU.ActiveCfg = Release|Any CPU
		{172148A8-3ABF-4F57-B079-FD1B9B377619}.Release|Any CPU.Build.0 = Release|Any CPU
	EndGlobalSection
	GlobalSection(SolutionProperties) = preSolution
		HideSolutionNode = FALSE
	EndGlobalSection
	GlobalSection(ExtensibilityGlobals) = postSolution
		SolutionGuid = {B0A55C9E-F059-4685-8248-7DDF7B67BD31}
	EndGlobalSection
EndGlobal
